// !$*UTF8*$!
{
	archiveVersion = 1;
	classes = {
	};
	objectVersion = 55;
	objects = {

/* Begin PBXBuildFile section */
		652297C1280A273500E4BEA9 /* Tests_iOS.swift in Sources */ = {isa = PBXBuildFile; fileRef = 652297C0280A273500E4BEA9 /* Tests_iOS.swift */; };
		652297C3280A273500E4BEA9 /* Tests_iOSLaunchTests.swift in Sources */ = {isa = PBXBuildFile; fileRef = 652297C2280A273500E4BEA9 /* Tests_iOSLaunchTests.swift */; };
		652297CD280A273500E4BEA9 /* Tests_macOS.swift in Sources */ = {isa = PBXBuildFile; fileRef = 652297CC280A273500E4BEA9 /* Tests_macOS.swift */; };
		652297CF280A273500E4BEA9 /* Tests_macOSLaunchTests.swift in Sources */ = {isa = PBXBuildFile; fileRef = 652297CE280A273500E4BEA9 /* Tests_macOSLaunchTests.swift */; };
		652297D0280A273500E4BEA9 /* Wang_Landau_SamplingApp.swift in Sources */ = {isa = PBXBuildFile; fileRef = 652297A8280A273100E4BEA9 /* Wang_Landau_SamplingApp.swift */; };
		652297D1280A273500E4BEA9 /* Wang_Landau_SamplingApp.swift in Sources */ = {isa = PBXBuildFile; fileRef = 652297A8280A273100E4BEA9 /* Wang_Landau_SamplingApp.swift */; };
		652297D2280A273500E4BEA9 /* ContentView.swift in Sources */ = {isa = PBXBuildFile; fileRef = 652297A9280A273100E4BEA9 /* ContentView.swift */; };
		652297D3280A273500E4BEA9 /* ContentView.swift in Sources */ = {isa = PBXBuildFile; fileRef = 652297A9280A273100E4BEA9 /* ContentView.swift */; };
		652297D4280A273500E4BEA9 /* Assets.xcassets in Resources */ = {isa = PBXBuildFile; fileRef = 652297AA280A273500E4BEA9 /* Assets.xcassets */; };
		652297D5280A273500E4BEA9 /* Assets.xcassets in Resources */ = {isa = PBXBuildFile; fileRef = 652297AA280A273500E4BEA9 /* Assets.xcassets */; };
		652297E52812083F00E4BEA9 /* OneDSpin.swift in Sources */ = {isa = PBXBuildFile; fileRef = 652297E42812083F00E4BEA9 /* OneDSpin.swift */; };
		652297E62812083F00E4BEA9 /* OneDSpin.swift in Sources */ = {isa = PBXBuildFile; fileRef = 652297E42812083F00E4BEA9 /* OneDSpin.swift */; };
		652297E8281208F900E4BEA9 /* TwoDWangLandau.swift in Sources */ = {isa = PBXBuildFile; fileRef = 652297E7281208F900E4BEA9 /* TwoDWangLandau.swift */; };
		652297E9281208F900E4BEA9 /* TwoDWangLandau.swift in Sources */ = {isa = PBXBuildFile; fileRef = 652297E7281208F900E4BEA9 /* TwoDWangLandau.swift */; };
		652297EB2812090900E4BEA9 /* DrawingData.swift in Sources */ = {isa = PBXBuildFile; fileRef = 652297EA2812090900E4BEA9 /* DrawingData.swift */; };
		652297EC2812090900E4BEA9 /* DrawingData.swift in Sources */ = {isa = PBXBuildFile; fileRef = 652297EA2812090900E4BEA9 /* DrawingData.swift */; };
		652297EE2812091500E4BEA9 /* DrawingView.swift in Sources */ = {isa = PBXBuildFile; fileRef = 652297ED2812091400E4BEA9 /* DrawingView.swift */; };
		652297EF2812091500E4BEA9 /* DrawingView.swift in Sources */ = {isa = PBXBuildFile; fileRef = 652297ED2812091400E4BEA9 /* DrawingView.swift */; };
		652297F728120F1800E4BEA9 /* IsingModel.swift in Sources */ = {isa = PBXBuildFile; fileRef = 652297F628120F1800E4BEA9 /* IsingModel.swift */; };
		652297F828120F1800E4BEA9 /* IsingModel.swift in Sources */ = {isa = PBXBuildFile; fileRef = 652297F628120F1800E4BEA9 /* IsingModel.swift */; };
/* End PBXBuildFile section */

/* Begin PBXContainerItemProxy section */
		652297BD280A273500E4BEA9 /* PBXContainerItemProxy */ = {
			isa = PBXContainerItemProxy;
			containerPortal = 652297A3280A273100E4BEA9 /* Project object */;
			proxyType = 1;
			remoteGlobalIDString = 652297AE280A273500E4BEA9;
			remoteInfo = "Wang-Landau-Sampling (iOS)";
		};
		652297C9280A273500E4BEA9 /* PBXContainerItemProxy */ = {
			isa = PBXContainerItemProxy;
			containerPortal = 652297A3280A273100E4BEA9 /* Project object */;
			proxyType = 1;
			remoteGlobalIDString = 652297B4280A273500E4BEA9;
			remoteInfo = "Wang-Landau-Sampling (macOS)";
		};
/* End PBXContainerItemProxy section */

/* Begin PBXFileReference section */
		652297A8280A273100E4BEA9 /* Wang_Landau_SamplingApp.swift */ = {isa = PBXFileReference; lastKnownFileType = sourcecode.swift; path = Wang_Landau_SamplingApp.swift; sourceTree = "<group>"; };
		652297A9280A273100E4BEA9 /* ContentView.swift */ = {isa = PBXFileReference; lastKnownFileType = sourcecode.swift; path = ContentView.swift; sourceTree = "<group>"; };
		652297AA280A273500E4BEA9 /* Assets.xcassets */ = {isa = PBXFileReference; lastKnownFileType = folder.assetcatalog; path = Assets.xcassets; sourceTree = "<group>"; };
		652297AF280A273500E4BEA9 /* Wang-Landau-Sampling.app */ = {isa = PBXFileReference; explicitFileType = wrapper.application; includeInIndex = 0; path = "Wang-Landau-Sampling.app"; sourceTree = BUILT_PRODUCTS_DIR; };
		652297B5280A273500E4BEA9 /* Wang-Landau-Sampling.app */ = {isa = PBXFileReference; explicitFileType = wrapper.application; includeInIndex = 0; path = "Wang-Landau-Sampling.app"; sourceTree = BUILT_PRODUCTS_DIR; };
		652297B7280A273500E4BEA9 /* macOS.entitlements */ = {isa = PBXFileReference; lastKnownFileType = text.plist.entitlements; path = macOS.entitlements; sourceTree = "<group>"; };
		652297BC280A273500E4BEA9 /* Tests iOS.xctest */ = {isa = PBXFileReference; explicitFileType = wrapper.cfbundle; includeInIndex = 0; path = "Tests iOS.xctest"; sourceTree = BUILT_PRODUCTS_DIR; };
		652297C0280A273500E4BEA9 /* Tests_iOS.swift */ = {isa = PBXFileReference; lastKnownFileType = sourcecode.swift; path = Tests_iOS.swift; sourceTree = "<group>"; };
		652297C2280A273500E4BEA9 /* Tests_iOSLaunchTests.swift */ = {isa = PBXFileReference; lastKnownFileType = sourcecode.swift; path = Tests_iOSLaunchTests.swift; sourceTree = "<group>"; };
		652297C8280A273500E4BEA9 /* Tests macOS.xctest */ = {isa = PBXFileReference; explicitFileType = wrapper.cfbundle; includeInIndex = 0; path = "Tests macOS.xctest"; sourceTree = BUILT_PRODUCTS_DIR; };
		652297CC280A273500E4BEA9 /* Tests_macOS.swift */ = {isa = PBXFileReference; lastKnownFileType = sourcecode.swift; path = Tests_macOS.swift; sourceTree = "<group>"; };
		652297CE280A273500E4BEA9 /* Tests_macOSLaunchTests.swift */ = {isa = PBXFileReference; lastKnownFileType = sourcecode.swift; path = Tests_macOSLaunchTests.swift; sourceTree = "<group>"; };
		652297E42812083F00E4BEA9 /* OneDSpin.swift */ = {isa = PBXFileReference; lastKnownFileType = sourcecode.swift; path = OneDSpin.swift; sourceTree = "<group>"; };
		652297E7281208F900E4BEA9 /* TwoDWangLandau.swift */ = {isa = PBXFileReference; lastKnownFileType = sourcecode.swift; path = TwoDWangLandau.swift; sourceTree = "<group>"; };
		652297EA2812090900E4BEA9 /* DrawingData.swift */ = {isa = PBXFileReference; lastKnownFileType = sourcecode.swift; path = DrawingData.swift; sourceTree = "<group>"; };
		652297ED2812091400E4BEA9 /* DrawingView.swift */ = {isa = PBXFileReference; lastKnownFileType = sourcecode.swift; path = DrawingView.swift; sourceTree = "<group>"; };
		652297F628120F1800E4BEA9 /* IsingModel.swift */ = {isa = PBXFileReference; lastKnownFileType = sourcecode.swift; path = IsingModel.swift; sourceTree = "<group>"; };
/* End PBXFileReference section */

/* Begin PBXFrameworksBuildPhase section */
		652297AC280A273500E4BEA9 /* Frameworks */ = {
			isa = PBXFrameworksBuildPhase;
			buildActionMask = 2147483647;
			files = (
			);
			runOnlyForDeploymentPostprocessing = 0;
		};
		652297B2280A273500E4BEA9 /* Frameworks */ = {
			isa = PBXFrameworksBuildPhase;
			buildActionMask = 2147483647;
			files = (
			);
			runOnlyForDeploymentPostprocessing = 0;
		};
		652297B9280A273500E4BEA9 /* Frameworks */ = {
			isa = PBXFrameworksBuildPhase;
			buildActionMask = 2147483647;
			files = (
			);
			runOnlyForDeploymentPostprocessing = 0;
		};
		652297C5280A273500E4BEA9 /* Frameworks */ = {
			isa = PBXFrameworksBuildPhase;
			buildActionMask = 2147483647;
			files = (
			);
			runOnlyForDeploymentPostprocessing = 0;
		};
/* End PBXFrameworksBuildPhase section */

/* Begin PBXGroup section */
		652297A2280A273100E4BEA9 = {
			isa = PBXGroup;
			children = (
				652297A7280A273100E4BEA9 /* Shared */,
				652297B6280A273500E4BEA9 /* macOS */,
				652297BF280A273500E4BEA9 /* Tests iOS */,
				652297CB280A273500E4BEA9 /* Tests macOS */,
				652297B0280A273500E4BEA9 /* Products */,
			);
			sourceTree = "<group>";
		};
		652297A7280A273100E4BEA9 /* Shared */ = {
			isa = PBXGroup;
			children = (
				652297A8280A273100E4BEA9 /* Wang_Landau_SamplingApp.swift */,
				652297A9280A273100E4BEA9 /* ContentView.swift */,
				652297E42812083F00E4BEA9 /* OneDSpin.swift */,
				652297E7281208F900E4BEA9 /* TwoDWangLandau.swift */,
				652297F628120F1800E4BEA9 /* IsingModel.swift */,
				652297EA2812090900E4BEA9 /* DrawingData.swift */,
				652297ED2812091400E4BEA9 /* DrawingView.swift */,
				652297AA280A273500E4BEA9 /* Assets.xcassets */,
			);
			path = Shared;
			sourceTree = "<group>";
		};
		652297B0280A273500E4BEA9 /* Products */ = {
			isa = PBXGroup;
			children = (
				652297AF280A273500E4BEA9 /* Wang-Landau-Sampling.app */,
				652297B5280A273500E4BEA9 /* Wang-Landau-Sampling.app */,
				652297BC280A273500E4BEA9 /* Tests iOS.xctest */,
				652297C8280A273500E4BEA9 /* Tests macOS.xctest */,
			);
			name = Products;
			sourceTree = "<group>";
		};
		652297B6280A273500E4BEA9 /* macOS */ = {
			isa = PBXGroup;
			children = (
				652297B7280A273500E4BEA9 /* macOS.entitlements */,
			);
			path = macOS;
			sourceTree = "<group>";
		};
		652297BF280A273500E4BEA9 /* Tests iOS */ = {
			isa = PBXGroup;
			children = (
				652297C0280A273500E4BEA9 /* Tests_iOS.swift */,
				652297C2280A273500E4BEA9 /* Tests_iOSLaunchTests.swift */,
			);
			path = "Tests iOS";
			sourceTree = "<group>";
		};
		652297CB280A273500E4BEA9 /* Tests macOS */ = {
			isa = PBXGroup;
			children = (
				652297CC280A273500E4BEA9 /* Tests_macOS.swift */,
				652297CE280A273500E4BEA9 /* Tests_macOSLaunchTests.swift */,
			);
			path = "Tests macOS";
			sourceTree = "<group>";
		};
/* End PBXGroup section */

/* Begin PBXNativeTarget section */
		652297AE280A273500E4BEA9 /* Wang-Landau-Sampling (iOS) */ = {
			isa = PBXNativeTarget;
			buildConfigurationList = 652297D8280A273500E4BEA9 /* Build configuration list for PBXNativeTarget "Wang-Landau-Sampling (iOS)" */;
			buildPhases = (
				652297AB280A273500E4BEA9 /* Sources */,
				652297AC280A273500E4BEA9 /* Frameworks */,
				652297AD280A273500E4BEA9 /* Resources */,
			);
			buildRules = (
			);
			dependencies = (
			);
			name = "Wang-Landau-Sampling (iOS)";
			productName = "Wang-Landau-Sampling (iOS)";
			productReference = 652297AF280A273500E4BEA9 /* Wang-Landau-Sampling.app */;
			productType = "com.apple.product-type.application";
		};
		652297B4280A273500E4BEA9 /* Wang-Landau-Sampling (macOS) */ = {
			isa = PBXNativeTarget;
			buildConfigurationList = 652297DB280A273500E4BEA9 /* Build configuration list for PBXNativeTarget "Wang-Landau-Sampling (macOS)" */;
			buildPhases = (
				652297B1280A273500E4BEA9 /* Sources */,
				652297B2280A273500E4BEA9 /* Frameworks */,
				652297B3280A273500E4BEA9 /* Resources */,
			);
			buildRules = (
			);
			dependencies = (
			);
			name = "Wang-Landau-Sampling (macOS)";
			productName = "Wang-Landau-Sampling (macOS)";
			productReference = 652297B5280A273500E4BEA9 /* Wang-Landau-Sampling.app */;
			productType = "com.apple.product-type.application";
		};
		652297BB280A273500E4BEA9 /* Tests iOS */ = {
			isa = PBXNativeTarget;
			buildConfigurationList = 652297DE280A273500E4BEA9 /* Build configuration list for PBXNativeTarget "Tests iOS" */;
			buildPhases = (
				652297B8280A273500E4BEA9 /* Sources */,
				652297B9280A273500E4BEA9 /* Frameworks */,
				652297BA280A273500E4BEA9 /* Resources */,
			);
			buildRules = (
			);
			dependencies = (
				652297BE280A273500E4BEA9 /* PBXTargetDependency */,
			);
			name = "Tests iOS";
			productName = "Tests iOS";
			productReference = 652297BC280A273500E4BEA9 /* Tests iOS.xctest */;
			productType = "com.apple.product-type.bundle.ui-testing";
		};
		652297C7280A273500E4BEA9 /* Tests macOS */ = {
			isa = PBXNativeTarget;
			buildConfigurationList = 652297E1280A273500E4BEA9 /* Build configuration list for PBXNativeTarget "Tests macOS" */;
			buildPhases = (
				652297C4280A273500E4BEA9 /* Sources */,
				652297C5280A273500E4BEA9 /* Frameworks */,
				652297C6280A273500E4BEA9 /* Resources */,
			);
			buildRules = (
			);
			dependencies = (
				652297CA280A273500E4BEA9 /* PBXTargetDependency */,
			);
			name = "Tests macOS";
			productName = "Tests macOS";
			productReference = 652297C8280A273500E4BEA9 /* Tests macOS.xctest */;
			productType = "com.apple.product-type.bundle.ui-testing";
		};
/* End PBXNativeTarget section */

/* Begin PBXProject section */
		652297A3280A273100E4BEA9 /* Project object */ = {
			isa = PBXProject;
			attributes = {
				BuildIndependentTargetsInParallel = 1;
				LastSwiftUpdateCheck = 1320;
				LastUpgradeCheck = 1320;
				TargetAttributes = {
					652297AE280A273500E4BEA9 = {
						CreatedOnToolsVersion = 13.2.1;
					};
					652297B4280A273500E4BEA9 = {
						CreatedOnToolsVersion = 13.2.1;
					};
					652297BB280A273500E4BEA9 = {
						CreatedOnToolsVersion = 13.2.1;
						TestTargetID = 652297AE280A273500E4BEA9;
					};
					652297C7280A273500E4BEA9 = {
						CreatedOnToolsVersion = 13.2.1;
						TestTargetID = 652297B4280A273500E4BEA9;
					};
				};
			};
			buildConfigurationList = 652297A6280A273100E4BEA9 /* Build configuration list for PBXProject "Wang-Landau-Sampling" */;
			compatibilityVersion = "Xcode 13.0";
			developmentRegion = en;
			hasScannedForEncodings = 0;
			knownRegions = (
				en,
				Base,
			);
			mainGroup = 652297A2280A273100E4BEA9;
			productRefGroup = 652297B0280A273500E4BEA9 /* Products */;
			projectDirPath = "";
			projectRoot = "";
			targets = (
				652297AE280A273500E4BEA9 /* Wang-Landau-Sampling (iOS) */,
				652297B4280A273500E4BEA9 /* Wang-Landau-Sampling (macOS) */,
				652297BB280A273500E4BEA9 /* Tests iOS */,
				652297C7280A273500E4BEA9 /* Tests macOS */,
			);
		};
/* End PBXProject section */

/* Begin PBXResourcesBuildPhase section */
		652297AD280A273500E4BEA9 /* Resources */ = {
			isa = PBXResourcesBuildPhase;
			buildActionMask = 2147483647;
			files = (
				652297D4280A273500E4BEA9 /* Assets.xcassets in Resources */,
			);
			runOnlyForDeploymentPostprocessing = 0;
		};
		652297B3280A273500E4BEA9 /* Resources */ = {
			isa = PBXResourcesBuildPhase;
			buildActionMask = 2147483647;
			files = (
				652297D5280A273500E4BEA9 /* Assets.xcassets in Resources */,
			);
			runOnlyForDeploymentPostprocessing = 0;
		};
		652297BA280A273500E4BEA9 /* Resources */ = {
			isa = PBXResourcesBuildPhase;
			buildActionMask = 2147483647;
			files = (
			);
			runOnlyForDeploymentPostprocessing = 0;
		};
		652297C6280A273500E4BEA9 /* Resources */ = {
			isa = PBXResourcesBuildPhase;
			buildActionMask = 2147483647;
			files = (
			);
			runOnlyForDeploymentPostprocessing = 0;
		};
/* End PBXResourcesBuildPhase section */

/* Begin PBXSourcesBuildPhase section */
		652297AB280A273500E4BEA9 /* Sources */ = {
			isa = PBXSourcesBuildPhase;
			buildActionMask = 2147483647;
			files = (
				652297D2280A273500E4BEA9 /* ContentView.swift in Sources */,
				652297D0280A273500E4BEA9 /* Wang_Landau_SamplingApp.swift in Sources */,
				652297EB2812090900E4BEA9 /* DrawingData.swift in Sources */,
				652297EE2812091500E4BEA9 /* DrawingView.swift in Sources */,
				652297E52812083F00E4BEA9 /* OneDSpin.swift in Sources */,
				652297F728120F1800E4BEA9 /* IsingModel.swift in Sources */,
				652297E8281208F900E4BEA9 /* TwoDWangLandau.swift in Sources */,
			);
			runOnlyForDeploymentPostprocessing = 0;
		};
		652297B1280A273500E4BEA9 /* Sources */ = {
			isa = PBXSourcesBuildPhase;
			buildActionMask = 2147483647;
			files = (
				652297D3280A273500E4BEA9 /* ContentView.swift in Sources */,
				652297D1280A273500E4BEA9 /* Wang_Landau_SamplingApp.swift in Sources */,
				652297EC2812090900E4BEA9 /* DrawingData.swift in Sources */,
				652297EF2812091500E4BEA9 /* DrawingView.swift in Sources */,
				652297E62812083F00E4BEA9 /* OneDSpin.swift in Sources */,
				652297F828120F1800E4BEA9 /* IsingModel.swift in Sources */,
				652297E9281208F900E4BEA9 /* TwoDWangLandau.swift in Sources */,
			);
			runOnlyForDeploymentPostprocessing = 0;
		};
		652297B8280A273500E4BEA9 /* Sources */ = {
			isa = PBXSourcesBuildPhase;
			buildActionMask = 2147483647;
			files = (
				652297C3280A273500E4BEA9 /* Tests_iOSLaunchTests.swift in Sources */,
				652297C1280A273500E4BEA9 /* Tests_iOS.swift in Sources */,
			);
			runOnlyForDeploymentPostprocessing = 0;
		};
		652297C4280A273500E4BEA9 /* Sources */ = {
			isa = PBXSourcesBuildPhase;
			buildActionMask = 2147483647;
			files = (
				652297CF280A273500E4BEA9 /* Tests_macOSLaunchTests.swift in Sources */,
				652297CD280A273500E4BEA9 /* Tests_macOS.swift in Sources */,
			);
			runOnlyForDeploymentPostprocessing = 0;
		};
/* End PBXSourcesBuildPhase section */

/* Begin PBXTargetDependency section */
		652297BE280A273500E4BEA9 /* PBXTargetDependency */ = {
			isa = PBXTargetDependency;
			target = 652297AE280A273500E4BEA9 /* Wang-Landau-Sampling (iOS) */;
			targetProxy = 652297BD280A273500E4BEA9 /* PBXContainerItemProxy */;
		};
		652297CA280A273500E4BEA9 /* PBXTargetDependency */ = {
			isa = PBXTargetDependency;
			target = 652297B4280A273500E4BEA9 /* Wang-Landau-Sampling (macOS) */;
			targetProxy = 652297C9280A273500E4BEA9 /* PBXContainerItemProxy */;
		};
/* End PBXTargetDependency section */

/* Begin XCBuildConfiguration section */
		652297D6280A273500E4BEA9 /* Debug */ = {
			isa = XCBuildConfiguration;
			buildSettings = {
				ALWAYS_SEARCH_USER_PATHS = NO;
				CLANG_ANALYZER_NONNULL = YES;
				CLANG_ANALYZER_NUMBER_OBJECT_CONVERSION = YES_AGGRESSIVE;
				CLANG_CXX_LANGUAGE_STANDARD = "gnu++17";
				CLANG_CXX_LIBRARY = "libc++";
				CLANG_ENABLE_MODULES = YES;
				CLANG_ENABLE_OBJC_ARC = YES;
				CLANG_ENABLE_OBJC_WEAK = YES;
				CLANG_WARN_BLOCK_CAPTURE_AUTORELEASING = YES;
				CLANG_WARN_BOOL_CONVERSION = YES;
				CLANG_WARN_COMMA = YES;
				CLANG_WARN_CONSTANT_CONVERSION = YES;
				CLANG_WARN_DEPRECATED_OBJC_IMPLEMENTATIONS = YES;
				CLANG_WARN_DIRECT_OBJC_ISA_USAGE = YES_ERROR;
				CLANG_WARN_DOCUMENTATION_COMMENTS = YES;
				CLANG_WARN_EMPTY_BODY = YES;
				CLANG_WARN_ENUM_CONVERSION = YES;
				CLANG_WARN_INFINITE_RECURSION = YES;
				CLANG_WARN_INT_CONVERSION = YES;
				CLANG_WARN_NON_LITERAL_NULL_CONVERSION = YES;
				CLANG_WARN_OBJC_IMPLICIT_RETAIN_SELF = YES;
				CLANG_WARN_OBJC_LITERAL_CONVERSION = YES;
				CLANG_WARN_OBJC_ROOT_CLASS = YES_ERROR;
				CLANG_WARN_QUOTED_INCLUDE_IN_FRAMEWORK_HEADER = YES;
				CLANG_WARN_RANGE_LOOP_ANALYSIS = YES;
				CLANG_WARN_STRICT_PROTOTYPES = YES;
				CLANG_WARN_SUSPICIOUS_MOVE = YES;
				CLANG_WARN_UNGUARDED_AVAILABILITY = YES_AGGRESSIVE;
				CLANG_WARN_UNREACHABLE_CODE = YES;
				CLANG_WARN__DUPLICATE_METHOD_MATCH = YES;
				COPY_PHASE_STRIP = NO;
				DEBUG_INFORMATION_FORMAT = dwarf;
				ENABLE_STRICT_OBJC_MSGSEND = YES;
				ENABLE_TESTABILITY = YES;
				GCC_C_LANGUAGE_STANDARD = gnu11;
				GCC_DYNAMIC_NO_PIC = NO;
				GCC_NO_COMMON_BLOCKS = YES;
				GCC_OPTIMIZATION_LEVEL = 0;
				GCC_PREPROCESSOR_DEFINITIONS = (
					"DEBUG=1",
					"$(inherited)",
				);
				GCC_WARN_64_TO_32_BIT_CONVERSION = YES;
				GCC_WARN_ABOUT_RETURN_TYPE = YES_ERROR;
				GCC_WARN_UNDECLARED_SELECTOR = YES;
				GCC_WARN_UNINITIALIZED_AUTOS = YES_AGGRESSIVE;
				GCC_WARN_UNUSED_FUNCTION = YES;
				GCC_WARN_UNUSED_VARIABLE = YES;
				MTL_ENABLE_DEBUG_INFO = INCLUDE_SOURCE;
				MTL_FAST_MATH = YES;
				ONLY_ACTIVE_ARCH = YES;
				SWIFT_ACTIVE_COMPILATION_CONDITIONS = DEBUG;
				SWIFT_OPTIMIZATION_LEVEL = "-Onone";
			};
			name = Debug;
		};
		652297D7280A273500E4BEA9 /* Release */ = {
			isa = XCBuildConfiguration;
			buildSettings = {
				ALWAYS_SEARCH_USER_PATHS = NO;
				CLANG_ANALYZER_NONNULL = YES;
				CLANG_ANALYZER_NUMBER_OBJECT_CONVERSION = YES_AGGRESSIVE;
				CLANG_CXX_LANGUAGE_STANDARD = "gnu++17";
				CLANG_CXX_LIBRARY = "libc++";
				CLANG_ENABLE_MODULES = YES;
				CLANG_ENABLE_OBJC_ARC = YES;
				CLANG_ENABLE_OBJC_WEAK = YES;
				CLANG_WARN_BLOCK_CAPTURE_AUTORELEASING = YES;
				CLANG_WARN_BOOL_CONVERSION = YES;
				CLANG_WARN_COMMA = YES;
				CLANG_WARN_CONSTANT_CONVERSION = YES;
				CLANG_WARN_DEPRECATED_OBJC_IMPLEMENTATIONS = YES;
				CLANG_WARN_DIRECT_OBJC_ISA_USAGE = YES_ERROR;
				CLANG_WARN_DOCUMENTATION_COMMENTS = YES;
				CLANG_WARN_EMPTY_BODY = YES;
				CLANG_WARN_ENUM_CONVERSION = YES;
				CLANG_WARN_INFINITE_RECURSION = YES;
				CLANG_WARN_INT_CONVERSION = YES;
				CLANG_WARN_NON_LITERAL_NULL_CONVERSION = YES;
				CLANG_WARN_OBJC_IMPLICIT_RETAIN_SELF = YES;
				CLANG_WARN_OBJC_LITERAL_CONVERSION = YES;
				CLANG_WARN_OBJC_ROOT_CLASS = YES_ERROR;
				CLANG_WARN_QUOTED_INCLUDE_IN_FRAMEWORK_HEADER = YES;
				CLANG_WARN_RANGE_LOOP_ANALYSIS = YES;
				CLANG_WARN_STRICT_PROTOTYPES = YES;
				CLANG_WARN_SUSPICIOUS_MOVE = YES;
				CLANG_WARN_UNGUARDED_AVAILABILITY = YES_AGGRESSIVE;
				CLANG_WARN_UNREACHABLE_CODE = YES;
				CLANG_WARN__DUPLICATE_METHOD_MATCH = YES;
				COPY_PHASE_STRIP = NO;
				DEBUG_INFORMATION_FORMAT = "dwarf-with-dsym";
				ENABLE_NS_ASSERTIONS = NO;
				ENABLE_STRICT_OBJC_MSGSEND = YES;
				GCC_C_LANGUAGE_STANDARD = gnu11;
				GCC_NO_COMMON_BLOCKS = YES;
				GCC_WARN_64_TO_32_BIT_CONVERSION = YES;
				GCC_WARN_ABOUT_RETURN_TYPE = YES_ERROR;
				GCC_WARN_UNDECLARED_SELECTOR = YES;
				GCC_WARN_UNINITIALIZED_AUTOS = YES_AGGRESSIVE;
				GCC_WARN_UNUSED_FUNCTION = YES;
				GCC_WARN_UNUSED_VARIABLE = YES;
				MTL_ENABLE_DEBUG_INFO = NO;
				MTL_FAST_MATH = YES;
				SWIFT_COMPILATION_MODE = wholemodule;
				SWIFT_OPTIMIZATION_LEVEL = "-O";
			};
			name = Release;
		};
		652297D9280A273500E4BEA9 /* Debug */ = {
			isa = XCBuildConfiguration;
			buildSettings = {
				ASSETCATALOG_COMPILER_APPICON_NAME = AppIcon;
				ASSETCATALOG_COMPILER_GLOBAL_ACCENT_COLOR_NAME = AccentColor;
				CODE_SIGN_STYLE = Automatic;
				CURRENT_PROJECT_VERSION = 1;
				DEVELOPMENT_TEAM = V2AC9R5899;
				ENABLE_PREVIEWS = YES;
				GENERATE_INFOPLIST_FILE = YES;
				INFOPLIST_KEY_UIApplicationSceneManifest_Generation = YES;
				INFOPLIST_KEY_UIApplicationSupportsIndirectInputEvents = YES;
				INFOPLIST_KEY_UILaunchScreen_Generation = YES;
				INFOPLIST_KEY_UISupportedInterfaceOrientations_iPad = "UIInterfaceOrientationPortrait UIInterfaceOrientationPortraitUpsideDown UIInterfaceOrientationLandscapeLeft UIInterfaceOrientationLandscapeRight";
				INFOPLIST_KEY_UISupportedInterfaceOrientations_iPhone = "UIInterfaceOrientationPortrait UIInterfaceOrientationLandscapeLeft UIInterfaceOrientationLandscapeRight";
				IPHONEOS_DEPLOYMENT_TARGET = 15.2;
				LD_RUNPATH_SEARCH_PATHS = (
					"$(inherited)",
					"@executable_path/Frameworks",
				);
				MARKETING_VERSION = 1.0;
				PRODUCT_BUNDLE_IDENTIFIER = "IIT.Wang-Landau-Sampling";
				PRODUCT_NAME = "Wang-Landau-Sampling";
				SDKROOT = iphoneos;
				SWIFT_EMIT_LOC_STRINGS = YES;
				SWIFT_VERSION = 5.0;
				TARGETED_DEVICE_FAMILY = "1,2";
			};
			name = Debug;
		};
		652297DA280A273500E4BEA9 /* Release */ = {
			isa = XCBuildConfiguration;
			buildSettings = {
				ASSETCATALOG_COMPILER_APPICON_NAME = AppIcon;
				ASSETCATALOG_COMPILER_GLOBAL_ACCENT_COLOR_NAME = AccentColor;
				CODE_SIGN_STYLE = Automatic;
				CURRENT_PROJECT_VERSION = 1;
				DEVELOPMENT_TEAM = V2AC9R5899;
				ENABLE_PREVIEWS = YES;
				GENERATE_INFOPLIST_FILE = YES;
				INFOPLIST_KEY_UIApplicationSceneManifest_Generation = YES;
				INFOPLIST_KEY_UIApplicationSupportsIndirectInputEvents = YES;
				INFOPLIST_KEY_UILaunchScreen_Generation = YES;
				INFOPLIST_KEY_UISupportedInterfaceOrientations_iPad = "UIInterfaceOrientationPortrait UIInterfaceOrientationPortraitUpsideDown UIInterfaceOrientationLandscapeLeft UIInterfaceOrientationLandscapeRight";
				INFOPLIST_KEY_UISupportedInterfaceOrientations_iPhone = "UIInterfaceOrientationPortrait UIInterfaceOrientationLandscapeLeft UIInterfaceOrientationLandscapeRight";
				IPHONEOS_DEPLOYMENT_TARGET = 15.2;
				LD_RUNPATH_SEARCH_PATHS = (
					"$(inherited)",
					"@executable_path/Frameworks",
				);
				MARKETING_VERSION = 1.0;
				PRODUCT_BUNDLE_IDENTIFIER = "IIT.Wang-Landau-Sampling";
				PRODUCT_NAME = "Wang-Landau-Sampling";
				SDKROOT = iphoneos;
				SWIFT_EMIT_LOC_STRINGS = YES;
				SWIFT_VERSION = 5.0;
				TARGETED_DEVICE_FAMILY = "1,2";
				VALIDATE_PRODUCT = YES;
			};
			name = Release;
		};
		652297DC280A273500E4BEA9 /* Debug */ = {
			isa = XCBuildConfiguration;
			buildSettings = {
				ASSETCATALOG_COMPILER_APPICON_NAME = AppIcon;
				ASSETCATALOG_COMPILER_GLOBAL_ACCENT_COLOR_NAME = AccentColor;
				CODE_SIGN_ENTITLEMENTS = macOS/macOS.entitlements;
				CODE_SIGN_STYLE = Automatic;
				COMBINE_HIDPI_IMAGES = YES;
				CURRENT_PROJECT_VERSION = 1;
				DEVELOPMENT_TEAM = V2AC9R5899;
				ENABLE_HARDENED_RUNTIME = YES;
				ENABLE_PREVIEWS = YES;
				GENERATE_INFOPLIST_FILE = YES;
				INFOPLIST_KEY_NSHumanReadableCopyright = "";
				LD_RUNPATH_SEARCH_PATHS = (
					"$(inherited)",
					"@executable_path/../Frameworks",
				);
				MACOSX_DEPLOYMENT_TARGET = 12.1;
				MARKETING_VERSION = 1.0;
				PRODUCT_BUNDLE_IDENTIFIER = "IIT.Wang-Landau-Sampling";
				PRODUCT_NAME = "Wang-Landau-Sampling";
				SDKROOT = macosx;
				SWIFT_EMIT_LOC_STRINGS = YES;
				SWIFT_VERSION = 5.0;
			};
			name = Debug;
		};
		652297DD280A273500E4BEA9 /* Release */ = {
			isa = XCBuildConfiguration;
			buildSettings = {
				ASSETCATALOG_COMPILER_APPICON_NAME = AppIcon;
				ASSETCATALOG_COMPILER_GLOBAL_ACCENT_COLOR_NAME = AccentColor;
				CODE_SIGN_ENTITLEMENTS = macOS/macOS.entitlements;
				CODE_SIGN_STYLE = Automatic;
				COMBINE_HIDPI_IMAGES = YES;
				CURRENT_PROJECT_VERSION = 1;
				DEVELOPMENT_TEAM = V2AC9R5899;
				ENABLE_HARDENED_RUNTIME = YES;
				ENABLE_PREVIEWS = YES;
				GENERATE_INFOPLIST_FILE = YES;
				INFOPLIST_KEY_NSHumanReadableCopyright = "";
				LD_RUNPATH_SEARCH_PATHS = (
					"$(inherited)",
					"@executable_path/../Frameworks",
				);
				MACOSX_DEPLOYMENT_TARGET = 12.1;
				MARKETING_VERSION = 1.0;
				PRODUCT_BUNDLE_IDENTIFIER = "IIT.Wang-Landau-Sampling";
				PRODUCT_NAME = "Wang-Landau-Sampling";
				SDKROOT = macosx;
				SWIFT_EMIT_LOC_STRINGS = YES;
				SWIFT_VERSION = 5.0;
			};
			name = Release;
		};
		652297DF280A273500E4BEA9 /* Debug */ = {
			isa = XCBuildConfiguration;
			buildSettings = {
				ALWAYS_EMBED_SWIFT_STANDARD_LIBRARIES = YES;
				CODE_SIGN_STYLE = Automatic;
				CURRENT_PROJECT_VERSION = 1;
				DEVELOPMENT_TEAM = V2AC9R5899;
				GENERATE_INFOPLIST_FILE = YES;
				IPHONEOS_DEPLOYMENT_TARGET = 15.2;
				MARKETING_VERSION = 1.0;
				PRODUCT_BUNDLE_IDENTIFIER = "IIT.Tests-iOS";
				PRODUCT_NAME = "$(TARGET_NAME)";
				SDKROOT = iphoneos;
				SWIFT_EMIT_LOC_STRINGS = NO;
				SWIFT_VERSION = 5.0;
				TARGETED_DEVICE_FAMILY = "1,2";
				TEST_TARGET_NAME = "Wang-Landau-Sampling (iOS)";
			};
			name = Debug;
		};
		652297E0280A273500E4BEA9 /* Release */ = {
			isa = XCBuildConfiguration;
			buildSettings = {
				ALWAYS_EMBED_SWIFT_STANDARD_LIBRARIES = YES;
				CODE_SIGN_STYLE = Automatic;
				CURRENT_PROJECT_VERSION = 1;
				DEVELOPMENT_TEAM = V2AC9R5899;
				GENERATE_INFOPLIST_FILE = YES;
				IPHONEOS_DEPLOYMENT_TARGET = 15.2;
				MARKETING_VERSION = 1.0;
				PRODUCT_BUNDLE_IDENTIFIER = "IIT.Tests-iOS";
				PRODUCT_NAME = "$(TARGET_NAME)";
				SDKROOT = iphoneos;
				SWIFT_EMIT_LOC_STRINGS = NO;
				SWIFT_VERSION = 5.0;
				TARGETED_DEVICE_FAMILY = "1,2";
				TEST_TARGET_NAME = "Wang-Landau-Sampling (iOS)";
				VALIDATE_PRODUCT = YES;
			};
			name = Release;
		};
		652297E2280A273500E4BEA9 /* Debug */ = {
			isa = XCBuildConfiguration;
			buildSettings = {
				ALWAYS_EMBED_SWIFT_STANDARD_LIBRARIES = YES;
				CODE_SIGN_STYLE = Automatic;
				CURRENT_PROJECT_VERSION = 1;
				DEVELOPMENT_TEAM = V2AC9R5899;
				GENERATE_INFOPLIST_FILE = YES;
				MACOSX_DEPLOYMENT_TARGET = 12.1;
				MARKETING_VERSION = 1.0;
				PRODUCT_BUNDLE_IDENTIFIER = "IIT.Tests-macOS";
				PRODUCT_NAME = "$(TARGET_NAME)";
				SDKROOT = macosx;
				SWIFT_EMIT_LOC_STRINGS = NO;
				SWIFT_VERSION = 5.0;
				TEST_TARGET_NAME = "Wang-Landau-Sampling (macOS)";
			};
			name = Debug;
		};
		652297E3280A273500E4BEA9 /* Release */ = {
			isa = XCBuildConfiguration;
			buildSettings = {
				ALWAYS_EMBED_SWIFT_STANDARD_LIBRARIES = YES;
				CODE_SIGN_STYLE = Automatic;
				CURRENT_PROJECT_VERSION = 1;
				DEVELOPMENT_TEAM = V2AC9R5899;
				GENERATE_INFOPLIST_FILE = YES;
				MACOSX_DEPLOYMENT_TARGET = 12.1;
				MARKETING_VERSION = 1.0;
				PRODUCT_BUNDLE_IDENTIFIER = "IIT.Tests-macOS";
				PRODUCT_NAME = "$(TARGET_NAME)";
				SDKROOT = macosx;
				SWIFT_EMIT_LOC_STRINGS = NO;
				SWIFT_VERSION = 5.0;
				TEST_TARGET_NAME = "Wang-Landau-Sampling (macOS)";
			};
			name = Release;
		};
/* End XCBuildConfiguration section */

/* Begin XCConfigurationList section */
		652297A6280A273100E4BEA9 /* Build configuration list for PBXProject "Wang-Landau-Sampling" */ = {
			isa = XCConfigurationList;
			buildConfigurations = (
				652297D6280A273500E4BEA9 /* Debug */,
				652297D7280A273500E4BEA9 /* Release */,
			);
			defaultConfigurationIsVisible = 0;
			defaultConfigurationName = Release;
		};
		652297D8280A273500E4BEA9 /* Build configuration list for PBXNativeTarget "Wang-Landau-Sampling (iOS)" */ = {
			isa = XCConfigurationList;
			buildConfigurations = (
				652297D9280A273500E4BEA9 /* Debug */,
				652297DA280A273500E4BEA9 /* Release */,
			);
			defaultConfigurationIsVisible = 0;
			defaultConfigurationName = Release;
		};
		652297DB280A273500E4BEA9 /* Build configuration list for PBXNativeTarget "Wang-Landau-Sampling (macOS)" */ = {
			isa = XCConfigurationList;
			buildConfigurations = (
				652297DC280A273500E4BEA9 /* Debug */,
				652297DD280A273500E4BEA9 /* Release */,
			);
			defaultConfigurationIsVisible = 0;
			defaultConfigurationName = Release;
		};
		652297DE280A273500E4BEA9 /* Build configuration list for PBXNativeTarget "Tests iOS" */ = {
			isa = XCConfigurationList;
			buildConfigurations = (
				652297DF280A273500E4BEA9 /* Debug */,
				652297E0280A273500E4BEA9 /* Release */,
			);
			defaultConfigurationIsVisible = 0;
			defaultConfigurationName = Release;
		};
		652297E1280A273500E4BEA9 /* Build configuration list for PBXNativeTarget "Tests macOS" */ = {
			isa = XCConfigurationList;
			buildConfigurations = (
				652297E2280A273500E4BEA9 /* Debug */,
				652297E3280A273500E4BEA9 /* Release */,
			);
			defaultConfigurationIsVisible = 0;
			defaultConfigurationName = Release;
		};
/* End XCConfigurationList section */
	};
	rootObject = 652297A3280A273100E4BEA9 /* Project object */;
}
